
Microsoft Visual Studio Solution File, Format Version 12.00
# Visual Studio 14
VisualStudioVersion = 14.0.25420.1
MinimumVisualStudioVersion = 10.0.40219.1
Project("{FAE04EC0-301F-11D3-BF4B-00C04F79EFBC}") = "ChatServer", "ChatServer\ChatServer.csproj", "{472976AC-7477-4A0D-B236-E5021E200E40}"
EndProject
Project("{FAE04EC0-301F-11D3-BF4B-00C04F79EFBC}") = "ChatClient", "ChatClient\ChatClient.csproj", "{7727DA2E-702E-4E76-B9EE-0A1280CCA019}"
EndProject
Project("{FAE04EC0-301F-11D3-BF4B-00C04F79EFBC}") = "ChatProtocol", "ChatProtocol\ChatProtocol.csproj", "{7EACF152-A0F7-4F7B-91CC-49238BD33FF4}"
EndProject
Global
	GlobalSection(SolutionConfigurationPlatforms) = preSolution
		Debug|Any CPU = Debug|Any CPU
		Release|Any CPU = Release|Any CPU
	EndGlobalSection
	GlobalSection(ProjectConfigurationPlatforms) = postSolution
		{472976AC-7477-4A0D-B236-E5021E200E40}.Debug|Any CPU.ActiveCfg = Debug|Any CPU
		{472976AC-7477-4A0D-B236-E5021E200E40}.Debug|Any CPU.Build.0 = Debug|Any CPU
		{472976AC-7477-4A0D-B236-E5021E200E40}.Release|Any CPU.ActiveCfg = Release|Any CPU
		{472976AC-7477-4A0D-B236-E5021E200E40}.Release|Any CPU.Build.0 = Release|Any CPU
		{7727DA2E-702E-4E76-B9EE-0A1280CCA019}.Debug|Any CPU.ActiveCfg = Debug|Any CPU
		{7727DA2E-702E-4E76-B9EE-0A1280CCA019}.Debug|Any CPU.Build.0 = Debug|Any CPU
		{7727DA2E-702E-4E76-B9EE-0A1280CCA019}.Release|Any CPU.ActiveCfg = Release|Any CPU
		{7727DA2E-702E-4E76-B9EE-0A1280CCA019}.Release|Any CPU.Build.0 = Release|Any CPU
		{7EACF152-A0F7-4F7B-91CC-49238BD33FF4}.Debug|Any CPU.ActiveCfg = Debug|Any CPU
		{7EACF152-A0F7-4F7B-91CC-49238BD33FF4}.Debug|Any CPU.Build.0 = Debug|Any CPU
		{7EACF152-A0F7-4F7B-91CC-49238BD33FF4}.Release|Any CPU.ActiveCfg = Release|Any CPU
		{7EACF152-A0F7-4F7B-91CC-49238BD33FF4}.Release|Any CPU.Build.0 = Release|Any CPU
	EndGlobalSection
	GlobalSection(SolutionProperties) = preSolution
		HideSolutionNode = FALSE
	EndGlobalSection
EndGlobal
